
Microsoft Visual Studio Solution File, Format Version 12.00
# Visual Studio Version 16
VisualStudioVersion = 16.0.810.16
MinimumVisualStudioVersion = 10.0.40219.1
Project("{FAE04EC0-301F-11D3-BF4B-00C04F79EFBC}") = "HelloWorld", "HelloWorld\HelloWorld.csproj", "{FE3BBBF3-D7BA-4C45-A691-901C3AB892A5}"
EndProject
Global
	GlobalSection(SolutionConfigurationPlatforms) = preSolution
		Debug|Any CPU = Debug|Any CPU
		Release|Any CPU = Release|Any CPU
	EndGlobalSection
	GlobalSection(ProjectConfigurationPlatforms) = postSolution
		{FE3BBBF3-D7BA-4C45-A691-901C3AB892A5}.Debug|Any CPU.ActiveCfg = Debug|Any CPU
		{FE3BBBF3-D7BA-4C45-A691-901C3AB892A5}.Debug|Any CPU.Build.0 = Debug|Any CPU
		{FE3BBBF3-D7BA-4C45-A691-901C3AB892A5}.Release|Any CPU.ActiveCfg = Release|Any CPU
		{FE3BBBF3-D7BA-4C45-A691-901C3AB892A5}.Release|Any CPU.Build.0 = Release|Any CPU
	EndGlobalSection
	GlobalSection(SolutionProperties) = preSolution
		HideSolutionNode = FALSE
	EndGlobalSection
	GlobalSection(ExtensibilityGlobals) = postSolution
		SolutionGuid = {5F3B9C1D-5449-4FFD-9607-475B77093E8F}
	EndGlobalSection
EndGlobal
